
Microsoft Visual Studio Solution File, Format Version 12.00
# Visual Studio Version 17
VisualStudioVersion = 17.0.31903.59
MinimumVisualStudioVersion = 10.0.40219.1
Project("{FAE04EC0-301F-11D3-BF4B-00C04F79EFBC}") = "Steg 4", "Steg 4\Steg 4.csproj", "{283D0277-4C65-45CF-B6DC-27B3F124956A}"
EndProject
Global
	GlobalSection(SolutionConfigurationPlatforms) = preSolution
		Debug|Any CPU = Debug|Any CPU
		Release|Any CPU = Release|Any CPU
	EndGlobalSection
	GlobalSection(SolutionProperties) = preSolution
		HideSolutionNode = FALSE
	EndGlobalSection
	GlobalSection(ProjectConfigurationPlatforms) = postSolution
		{283D0277-4C65-45CF-B6DC-27B3F124956A}.Debug|Any CPU.ActiveCfg = Debug|Any CPU
		{283D0277-4C65-45CF-B6DC-27B3F124956A}.Debug|Any CPU.Build.0 = Debug|Any CPU
		{283D0277-4C65-45CF-B6DC-27B3F124956A}.Release|Any CPU.ActiveCfg = Release|Any CPU
		{283D0277-4C65-45CF-B6DC-27B3F124956A}.Release|Any CPU.Build.0 = Release|Any CPU
	EndGlobalSection
EndGlobal
